
Microsoft Visual Studio Solution File, Format Version 12.00
# Visual Studio 15
VisualStudioVersion = 15.0.28010.2046
MinimumVisualStudioVersion = 10.0.40219.1
Project("{FAE04EC0-301F-11D3-BF4B-00C04F79EFBC}") = "cs_lesson3.6", "cs_lesson3.6\cs_lesson3.6.csproj", "{F3870C20-02E3-4296-8144-AC3AED83577F}"
EndProject
Global
	GlobalSection(SolutionConfigurationPlatforms) = preSolution
		Debug|Any CPU = Debug|Any CPU
		Release|Any CPU = Release|Any CPU
	EndGlobalSection
	GlobalSection(ProjectConfigurationPlatforms) = postSolution
		{F3870C20-02E3-4296-8144-AC3AED83577F}.Debug|Any CPU.ActiveCfg = Debug|Any CPU
		{F3870C20-02E3-4296-8144-AC3AED83577F}.Debug|Any CPU.Build.0 = Debug|Any CPU
		{F3870C20-02E3-4296-8144-AC3AED83577F}.Release|Any CPU.ActiveCfg = Release|Any CPU
		{F3870C20-02E3-4296-8144-AC3AED83577F}.Release|Any CPU.Build.0 = Release|Any CPU
	EndGlobalSection
	GlobalSection(SolutionProperties) = preSolution
		HideSolutionNode = FALSE
	EndGlobalSection
	GlobalSection(ExtensibilityGlobals) = postSolution
		SolutionGuid = {4355CBED-7827-4C82-B104-9333BC8714AD}
	EndGlobalSection
EndGlobal
